
Microsoft Visual Studio Solution File, Format Version 12.00
# Visual Studio Version 16
VisualStudioVersion = 16.0.31410.357
MinimumVisualStudioVersion = 10.0.40219.1
Project("{9A19103F-16F7-4668-BE54-9A1E7A4F7556}") = "NextGenMapper", "NextGenMapper\NextGenMapper.csproj", "{26FA8901-6E52-4361-B240-5CD28E4DA2C8}"
EndProject
Project("{9A19103F-16F7-4668-BE54-9A1E7A4F7556}") = "MapperSample", "MapperSample\MapperSample.csproj", "{9CB7C034-23B3-4759-93D8-1A967163E5C8}"
EndProject
Global
	GlobalSection(SolutionConfigurationPlatforms) = preSolution
		Debug|Any CPU = Debug|Any CPU
		Release|Any CPU = Release|Any CPU
	EndGlobalSection
	GlobalSection(ProjectConfigurationPlatforms) = postSolution
		{26FA8901-6E52-4361-B240-5CD28E4DA2C8}.Debug|Any CPU.ActiveCfg = Debug|Any CPU
		{26FA8901-6E52-4361-B240-5CD28E4DA2C8}.Debug|Any CPU.Build.0 = Debug|Any CPU
		{26FA8901-6E52-4361-B240-5CD28E4DA2C8}.Release|Any CPU.ActiveCfg = Release|Any CPU
		{26FA8901-6E52-4361-B240-5CD28E4DA2C8}.Release|Any CPU.Build.0 = Release|Any CPU
		{9CB7C034-23B3-4759-93D8-1A967163E5C8}.Debug|Any CPU.ActiveCfg = Debug|Any CPU
		{9CB7C034-23B3-4759-93D8-1A967163E5C8}.Debug|Any CPU.Build.0 = Debug|Any CPU
		{9CB7C034-23B3-4759-93D8-1A967163E5C8}.Release|Any CPU.ActiveCfg = Release|Any CPU
		{9CB7C034-23B3-4759-93D8-1A967163E5C8}.Release|Any CPU.Build.0 = Release|Any CPU
	EndGlobalSection
	GlobalSection(SolutionProperties) = preSolution
		HideSolutionNode = FALSE
	EndGlobalSection
	GlobalSection(ExtensibilityGlobals) = postSolution
		SolutionGuid = {A372E805-436C-4749-8281-96AD7D3C481E}
	EndGlobalSection
EndGlobal
